
Microsoft Visual Studio Solution File, Format Version 12.00
# Visual Studio 2012
Project("{FAE04EC0-301F-11D3-BF4B-00C04F79EFBC}") = "BLLEntities", "BLLEntities\BLLEntities.csproj", "{162249EF-F2A6-4042-86A0-FFC253743E6F}"
EndProject
Project("{FAE04EC0-301F-11D3-BF4B-00C04F79EFBC}") = "UITest", "UITest\UITest.csproj", "{30D10E6E-FDD6-47E9-B1CC-0284CE0D6028}"
EndProject
Project("{FAE04EC0-301F-11D3-BF4B-00C04F79EFBC}") = "BLLServices", "BLLServices\BLLServices.csproj", "{A266E802-A96C-471F-A7D8-84C1F92416D5}"
EndProject
Project("{FAE04EC0-301F-11D3-BF4B-00C04F79EFBC}") = "UI", "UI\UI.csproj", "{96CFD940-C899-41E0-ACA4-737815C40D6A}"
EndProject
Global
	GlobalSection(SolutionConfigurationPlatforms) = preSolution
		Debug|Any CPU = Debug|Any CPU
		Release|Any CPU = Release|Any CPU
	EndGlobalSection
	GlobalSection(ProjectConfigurationPlatforms) = postSolution
		{162249EF-F2A6-4042-86A0-FFC253743E6F}.Debug|Any CPU.ActiveCfg = Debug|Any CPU
		{162249EF-F2A6-4042-86A0-FFC253743E6F}.Debug|Any CPU.Build.0 = Debug|Any CPU
		{162249EF-F2A6-4042-86A0-FFC253743E6F}.Release|Any CPU.ActiveCfg = Release|Any CPU
		{162249EF-F2A6-4042-86A0-FFC253743E6F}.Release|Any CPU.Build.0 = Release|Any CPU
		{30D10E6E-FDD6-47E9-B1CC-0284CE0D6028}.Debug|Any CPU.ActiveCfg = Debug|Any CPU
		{30D10E6E-FDD6-47E9-B1CC-0284CE0D6028}.Debug|Any CPU.Build.0 = Debug|Any CPU
		{30D10E6E-FDD6-47E9-B1CC-0284CE0D6028}.Release|Any CPU.ActiveCfg = Release|Any CPU
		{30D10E6E-FDD6-47E9-B1CC-0284CE0D6028}.Release|Any CPU.Build.0 = Release|Any CPU
		{A266E802-A96C-471F-A7D8-84C1F92416D5}.Debug|Any CPU.ActiveCfg = Debug|Any CPU
		{A266E802-A96C-471F-A7D8-84C1F92416D5}.Debug|Any CPU.Build.0 = Debug|Any CPU
		{A266E802-A96C-471F-A7D8-84C1F92416D5}.Release|Any CPU.ActiveCfg = Release|Any CPU
		{A266E802-A96C-471F-A7D8-84C1F92416D5}.Release|Any CPU.Build.0 = Release|Any CPU
		{96CFD940-C899-41E0-ACA4-737815C40D6A}.Debug|Any CPU.ActiveCfg = Debug|Any CPU
		{96CFD940-C899-41E0-ACA4-737815C40D6A}.Debug|Any CPU.Build.0 = Debug|Any CPU
		{96CFD940-C899-41E0-ACA4-737815C40D6A}.Release|Any CPU.ActiveCfg = Release|Any CPU
		{96CFD940-C899-41E0-ACA4-737815C40D6A}.Release|Any CPU.Build.0 = Release|Any CPU
	EndGlobalSection
	GlobalSection(SolutionProperties) = preSolution
		HideSolutionNode = FALSE
	EndGlobalSection
EndGlobal
